<?xml version="1.0" encoding="utf-8"?>
<Project ToolsVersion="4.0" xmlns="http://schemas.microsoft.com/developer/msbuild/2003">
  <ItemGroup>
    <Filter Include="소스 파일">
      <UniqueIdentifier>{4FC737F1-C7A5-4376-A066-2A32D752A2FF}</UniqueIdentifier>
      <Extensions>cpp;c;cc;cxx;def;odl;idl;hpj;bat;asm;asmx</Extensions>
    </Filter>
    <Filter Include="헤더 파일">
      <UniqueIdentifier>{93995380-89BD-4b04-88EB-625FBE52EBFB}</UniqueIdentifier>
      <Extensions>h;hh;hpp;hxx;hm;inl;inc;xsd</Extensions>
    </Filter>
    <Filter Include="리소스 파일">
      <UniqueIdentifier>{67DA6AB6-F800-4c08-8B7A-83BB121AAD01}</UniqueIdentifier>
      <Extensions>rc;ico;cur;bmp;dlg;rc2;rct;bin;rgs;gif;jpg;jpeg;jpe;resx;tiff;tif;png;wav;mfcribbon-ms</Extensions>
    </Filter>
    <Filter Include="소스 파일\Dialog">
      <UniqueIdentifier>{e1ca50cb-03ed-462a-b0ee-d22688da4c6c}</UniqueIdentifier>
    </Filter>
    <Filter Include="헤더 파일\Dialog">
      <UniqueIdentifier>{3ed49551-a626-484e-8259-a180c0beee7e}</UniqueIdentifier>
    </Filter>
    <Filter Include="소스 파일\CV">
      <UniqueIdentifier>{03758f33-ad67-4209-984a-0debbc84c7b4}</UniqueIdentifier>
    </Filter>
    <Filter Include="헤더 파일\CV">
      <UniqueIdentifier>{c54f0958-4084-443f-8ee5-b749584cc650}</UniqueIdentifier>
    </Filter>
  </ItemGroup>
  <ItemGroup>
    <Text Include="ReadMe.txt" />
  </ItemGroup>
  <ItemGroup>
    <ClInclude Include="FingerRecog.h">
      <Filter>헤더 파일</Filter>
    </ClInclude>
    <ClInclude Include="stdafx.h">
      <Filter>헤더 파일</Filter>
    </ClInclude>
    <ClInclude Include="targetver.h">
      <Filter>헤더 파일</Filter>
    </ClInclude>
    <ClInclude Include="Resource.h">
      <Filter>헤더 파일</Filter>
    </ClInclude>
    <ClInclude Include="FingerRecogDlg.h">
      <Filter>헤더 파일\Dialog</Filter>
    </ClInclude>
    <ClInclude Include="BodyCV.h">
      <Filter>헤더 파일\CV</Filter>
    </ClInclude>
    <ClInclude Include="BodyIndexCV.h">
      <Filter>헤더 파일\CV</Filter>
    </ClInclude>
    <ClInclude Include="ColorCV.h">
      <Filter>헤더 파일\CV</Filter>
    </ClInclude>
    <ClInclude Include="DepthCV.h">
      <Filter>헤더 파일\CV</Filter>
    </ClInclude>
    <ClInclude Include="UpsamplingDlg.h">
      <Filter>헤더 파일\Dialog</Filter>
    </ClInclude>
    <ClInclude Include="HandDetectionDlg.h">
      <Filter>헤더 파일\Dialog</Filter>
    </ClInclude>
    <ClInclude Include="CalibrationDlg.h">
      <Filter>헤더 파일\Dialog</Filter>
    </ClInclude>
    <ClInclude Include="HandDetect.h">
      <Filter>헤더 파일</Filter>
    </ClInclude>
  </ItemGroup>
  <ItemGroup>
    <ClCompile Include="FingerRecog.cpp">
      <Filter>소스 파일</Filter>
    </ClCompile>
    <ClCompile Include="stdafx.cpp">
      <Filter>소스 파일</Filter>
    </ClCompile>
    <ClCompile Include="FingerRecogDlg.cpp">
      <Filter>소스 파일\Dialog</Filter>
    </ClCompile>
    <ClCompile Include="BodyCV.cpp">
      <Filter>소스 파일\CV</Filter>
    </ClCompile>
    <ClCompile Include="BodyIndexCV.cpp">
      <Filter>소스 파일\CV</Filter>
    </ClCompile>
    <ClCompile Include="ColorCV.cpp">
      <Filter>소스 파일\CV</Filter>
    </ClCompile>
    <ClCompile Include="DepthCV.cpp">
      <Filter>소스 파일\CV</Filter>
    </ClCompile>
    <ClCompile Include="HandDetectionDlg.cpp">
      <Filter>소스 파일\Dialog</Filter>
    </ClCompile>
    <ClCompile Include="UpsamplingDlg.cpp">
      <Filter>소스 파일\Dialog</Filter>
    </ClCompile>
    <ClCompile Include="CalibrationDlg.cpp">
      <Filter>소스 파일\Dialog</Filter>
    </ClCompile>
    <ClCompile Include="HandDetect.cpp">
      <Filter>소스 파일</Filter>
    </ClCompile>
  </ItemGroup>
  <ItemGroup>
    <ResourceCompile Include="FingerRecog.rc">
      <Filter>리소스 파일</Filter>
    </ResourceCompile>
  </ItemGroup>
  <ItemGroup>
    <None Include="res\FingerRecog.rc2">
      <Filter>리소스 파일</Filter>
    </None>
  </ItemGroup>
  <ItemGroup>
    <Image Include="res\FingerRecog.ico">
      <Filter>리소스 파일</Filter>
    </Image>
  </ItemGroup>
</Project>